
Microsoft Visual Studio Solution File, Format Version 12.00
# Visual Studio 15
VisualStudioVersion = 15.0.27428.2015
MinimumVisualStudioVersion = 10.0.40219.1
Project("{F184B08F-C81C-45F6-A57F-5ABD9991F28F}") = "Szunyi.BLs", "Szunyi.BLs\Szunyi.BLs.vbproj", "{4D7F53A1-D934-45FC-BDB2-4ADE6B027F46}"
EndProject
Project("{F184B08F-C81C-45F6-A57F-5ABD9991F28F}") = "Szunyi.Common", "..\Szunyi.Common\Szunyi.Common\Szunyi.Common.vbproj", "{D2D39939-3EAC-4599-BF5B-41228D7E3BBF}"
EndProject
Global
	GlobalSection(SolutionConfigurationPlatforms) = preSolution
		Debug|Any CPU = Debug|Any CPU
		Debug|x64 = Debug|x64
		Release|Any CPU = Release|Any CPU
		Release|x64 = Release|x64
	EndGlobalSection
	GlobalSection(ProjectConfigurationPlatforms) = postSolution
		{4D7F53A1-D934-45FC-BDB2-4ADE6B027F46}.Debug|Any CPU.ActiveCfg = Debug|Any CPU
		{4D7F53A1-D934-45FC-BDB2-4ADE6B027F46}.Debug|Any CPU.Build.0 = Debug|Any CPU
		{4D7F53A1-D934-45FC-BDB2-4ADE6B027F46}.Debug|x64.ActiveCfg = Debug|x64
		{4D7F53A1-D934-45FC-BDB2-4ADE6B027F46}.Debug|x64.Build.0 = Debug|x64
		{4D7F53A1-D934-45FC-BDB2-4ADE6B027F46}.Release|Any CPU.ActiveCfg = Debug|Any CPU
		{4D7F53A1-D934-45FC-BDB2-4ADE6B027F46}.Release|Any CPU.Build.0 = Debug|Any CPU
		{4D7F53A1-D934-45FC-BDB2-4ADE6B027F46}.Release|x64.ActiveCfg = Release|x64
		{4D7F53A1-D934-45FC-BDB2-4ADE6B027F46}.Release|x64.Build.0 = Release|x64
		{D2D39939-3EAC-4599-BF5B-41228D7E3BBF}.Debug|Any CPU.ActiveCfg = Debug|Any CPU
		{D2D39939-3EAC-4599-BF5B-41228D7E3BBF}.Debug|Any CPU.Build.0 = Debug|Any CPU
		{D2D39939-3EAC-4599-BF5B-41228D7E3BBF}.Debug|x64.ActiveCfg = Debug|x64
		{D2D39939-3EAC-4599-BF5B-41228D7E3BBF}.Debug|x64.Build.0 = Debug|x64
		{D2D39939-3EAC-4599-BF5B-41228D7E3BBF}.Release|Any CPU.ActiveCfg = Debug|Any CPU
		{D2D39939-3EAC-4599-BF5B-41228D7E3BBF}.Release|Any CPU.Build.0 = Debug|Any CPU
		{D2D39939-3EAC-4599-BF5B-41228D7E3BBF}.Release|x64.ActiveCfg = Release|x64
		{D2D39939-3EAC-4599-BF5B-41228D7E3BBF}.Release|x64.Build.0 = Release|x64
	EndGlobalSection
	GlobalSection(SolutionProperties) = preSolution
		HideSolutionNode = FALSE
	EndGlobalSection
	GlobalSection(ExtensibilityGlobals) = postSolution
		SolutionGuid = {205E2F94-FA43-469D-9772-926A087B3461}
	EndGlobalSection
EndGlobal
